<?xml version="1.0" encoding="utf-8"?>
<Project ToolsVersion="17.0" xmlns="http://schemas.microsoft.com/developer/msbuild/2003">
  <ItemGroup>
    <CustomBuild Include="C:\Users\casht\repos\opencltest\CMakeFiles\f6eea64bc24a0e0f56633ace7b97acb6\INSTALL_force.rule">
      <Filter>CMake Rules</Filter>
    </CustomBuild>
  </ItemGroup>
  <ItemGroup>
    <Filter Include="CMake Rules">
      <UniqueIdentifier>{6F239354-5C26-3BC0-B147-35B332ED651E}</UniqueIdentifier>
    </Filter>
  </ItemGroup>
</Project>
